
Microsoft Visual Studio Solution File, Format Version 12.00
# Visual Studio Version 17
VisualStudioVersion = 17.10.35013.160
MinimumVisualStudioVersion = 10.0.40219.1
Project("{FAE04EC0-301F-11D3-BF4B-00C04F79EFBC}") = "FormDeneme", "FormDeneme\FormDeneme.csproj", "{CF6C680A-66E5-4D55-BE19-5DB92F96B781}"
EndProject
Global
	GlobalSection(SolutionConfigurationPlatforms) = preSolution
		Debug|Any CPU = Debug|Any CPU
		Release|Any CPU = Release|Any CPU
	EndGlobalSection
	GlobalSection(ProjectConfigurationPlatforms) = postSolution
		{CF6C680A-66E5-4D55-BE19-5DB92F96B781}.Debug|Any CPU.ActiveCfg = Debug|Any CPU
		{CF6C680A-66E5-4D55-BE19-5DB92F96B781}.Debug|Any CPU.Build.0 = Debug|Any CPU
		{CF6C680A-66E5-4D55-BE19-5DB92F96B781}.Release|Any CPU.ActiveCfg = Release|Any CPU
		{CF6C680A-66E5-4D55-BE19-5DB92F96B781}.Release|Any CPU.Build.0 = Release|Any CPU
	EndGlobalSection
	GlobalSection(SolutionProperties) = preSolution
		HideSolutionNode = FALSE
	EndGlobalSection
	GlobalSection(ExtensibilityGlobals) = postSolution
		SolutionGuid = {972EEA1F-5799-4A55-8C82-9F569656B9E7}
	EndGlobalSection
EndGlobal
